[[package]]
name = "jsx-lexer"
version = "1.0.0"
description = "A JSX lexer for Pygments"
category = "main"
optional = false
python-versions = "*"

[package.dependencies]
Pygments = ">=2.7"

[[package]]
name = "pygments"
version = "2.15.0"
description = "Pygments is a syntax highlighting package written in Python."
category = "main"
optional = false
python-versions = ">=3.7"

[package.extras]
plugins = ["importlib-metadata"]

[metadata]
lock-version = "1.1"
python-versions = "^3.10"
content-hash = "8bb35fcea9e39068270e3d22af8909a8cd0293e9c4750af0bec1d3333897a2ec"

[metadata.files]
jsx-lexer = [
    {file = "jsx-lexer-1.0.0.tar.gz", hash = "sha256:b5f5270cad47b065417fd7bdb780199d5166bd4a88a2a0fd7412e90e7a59b5cc"},
    {file = "jsx_lexer-1.0.0-py2.py3-none-any.whl", hash = "sha256:491783c7ae75f2cbde18f66c1362e93afd6e281078482215b70c1a8dfa61e57b"},
]
pygments = [
    {file = "Pygments-2.15.0-py3-none-any.whl", hash = "sha256:77a3299119af881904cd5ecd1ac6a66214b6e9bed1f2db16993b54adede64094"},
    {file = "Pygments-2.15.0.tar.gz", hash = "sha256:f7e36cffc4c517fbc252861b9a6e4644ca0e5abadf9a113c72d1358ad09b9500"},
]
