[[package]]
name = "jsx-lexer"
version = "1.0.0"
description = "A JSX lexer for Pygments"
category = "main"
optional = false
python-versions = "*"

[package.dependencies]
Pygments = ">=2.7"

[[package]]
name = "pygments"
version = "2.12.0"
description = "Pygments is a syntax highlighting package written in Python."
category = "main"
optional = false
python-versions = ">=3.6"

[metadata]
lock-version = "1.1"
python-versions = "^3.9"
content-hash = "093b95a515428d92acbbe6d9dbd5490fad2f135388d988faa44cf0e0edf991ca"

[metadata.files]
jsx-lexer = [
    {file = "jsx-lexer-1.0.0.tar.gz", hash = "sha256:b5f5270cad47b065417fd7bdb780199d5166bd4a88a2a0fd7412e90e7a59b5cc"},
    {file = "jsx_lexer-1.0.0-py2.py3-none-any.whl", hash = "sha256:491783c7ae75f2cbde18f66c1362e93afd6e281078482215b70c1a8dfa61e57b"},
]
pygments = [
    {file = "Pygments-2.12.0-py3-none-any.whl", hash = "sha256:dc9c10fb40944260f6ed4c688ece0cd2048414940f1cea51b8b226318411c519"},
    {file = "Pygments-2.12.0.tar.gz", hash = "sha256:5eb116118f9612ff1ee89ac96437bb6b49e8f04d8a13b514ba26f620208e26eb"},
]
