# This file was autogenerated by Stack.
# You should not edit this file by hand.
# For more information, please see the documentation at:
#   https://docs.haskellstack.org/en/stable/lock_files

packages:
- completed:
    size: 357711
    url: https://github.com/ncaq/hakyll/archive/48040f8d486ad9a86e63efc6ae4523968d18fc73.tar.gz
    cabal-file:
      size: 8644
      sha256: e405d207e155e9f0122a8f2f99f687bd28191895dc010647e5b4ce0b1d6f90e3
    name: hakyll
    version: 4.12.4.0
    sha256: b44e20161c5d0204c14a4b0c6c4b3bd241b486386e5711b708495a5ae09c21d7
    pantry-tree:
      size: 10802
      sha256: 86e436182e9e2bea8d60d2d2caf74242724e9dc27ba9b5e8efe7903f8ea61606
  original:
    url: https://github.com/ncaq/hakyll/archive/48040f8d486ad9a86e63efc6ae4523968d18fc73.tar.gz
snapshots:
- completed:
    size: 509471
    url: https://raw.githubusercontent.com/commercialhaskell/stackage-snapshots/master/lts/12/26.yaml
    sha256: 95f014df58d0679b1c4a2b7bf2b652b61da8d30de5f571abb0d59015ef678646
  original: lts-12.26
